<?xml version="1.0" encoding="utf-8"?>
<Project ToolsVersion="4.0" xmlns="http://schemas.microsoft.com/developer/msbuild/2003">
  <ItemGroup>
    <Filter Include="Source Files">
      <UniqueIdentifier>{4FC737F1-C7A5-4376-A066-2A32D752A2FF}</UniqueIdentifier>
      <Extensions>qml;cpp;c;cc;cxx;def;odl;idl;hpj;bat;asm;asmx</Extensions>
    </Filter>
    <Filter Include="Header Files">
      <UniqueIdentifier>{93995380-89BD-4b04-88EB-625FBE52EBFB}</UniqueIdentifier>
      <Extensions>h;hh;hpp;hxx;hm;inl;inc;xsd</Extensions>
    </Filter>
    <Filter Include="Resource Files">
      <UniqueIdentifier>{67DA6AB6-F800-4c08-8B7A-83BB121AAD01}</UniqueIdentifier>
      <Extensions>qrc;rc;ico;cur;bmp;dlg;rc2;rct;bin;rgs;gif;jpg;jpeg;jpe;resx;tiff;tif;png;wav;mfcribbon-ms</Extensions>
    </Filter>
    <Filter Include="OCCView">
      <UniqueIdentifier>{571c1304-ad9e-4ed0-a770-d5fe373970ed}</UniqueIdentifier>
    </Filter>
    <Filter Include="Source Files\QsLog">
      <UniqueIdentifier>{cf63ef6c-507f-4335-af46-04d27b9c26d4}</UniqueIdentifier>
    </Filter>
    <Filter Include="Header Files\QsLog">
      <UniqueIdentifier>{843b2f09-ac01-44b5-b7ec-e8281b31cf41}</UniqueIdentifier>
    </Filter>
  </ItemGroup>
  <ItemGroup>
    <QtRcc Include="images\image.qrc">
      <Filter>Resource Files</Filter>
    </QtRcc>
  </ItemGroup>
  <ItemGroup>
    <QtUic Include="mainwindow.ui">
      <Filter>Resource Files</Filter>
    </QtUic>
  </ItemGroup>
  <ItemGroup>
    <ClCompile Include="main.cpp">
      <Filter>Source Files</Filter>
    </ClCompile>
    <ClCompile Include="mainwindow.cpp">
      <Filter>Source Files</Filter>
    </ClCompile>
    <ClCompile Include="occview.cpp">
      <Filter>OCCView</Filter>
    </ClCompile>
    <ClCompile Include="button_flat.cpp">
      <Filter>Source Files</Filter>
    </ClCompile>
    <ClCompile Include="general.cpp">
      <Filter>Source Files</Filter>
    </ClCompile>
    <ClCompile Include="QsLog\QsLogDest.cpp">
      <Filter>Source Files\QsLog</Filter>
    </ClCompile>
    <ClCompile Include="QsLog\QsLog.cpp">
      <Filter>Source Files\QsLog</Filter>
    </ClCompile>
    <ClCompile Include="QsLog\QsLogDestConsole.cpp">
      <Filter>Source Files\QsLog</Filter>
    </ClCompile>
    <ClCompile Include="QsLog\QsLogDestFile.cpp">
      <Filter>Source Files\QsLog</Filter>
    </ClCompile>
    <ClCompile Include="QsLog\QsLogDestFunctor.cpp">
      <Filter>Source Files\QsLog</Filter>
    </ClCompile>
  </ItemGroup>
  <ItemGroup>
    <ClInclude Include="general.h">
      <Filter>Header Files</Filter>
    </ClInclude>
    <ClInclude Include="occ.h">
      <Filter>Header Files</Filter>
    </ClInclude>
    <ClInclude Include="QsLog\QsLogDest.h">
      <Filter>Header Files\QsLog</Filter>
    </ClInclude>
    <ClInclude Include="QsLog\QsLog.h">
      <Filter>Header Files\QsLog</Filter>
    </ClInclude>
    <ClInclude Include="QsLog\QsLogDestConsole.h">
      <Filter>Header Files\QsLog</Filter>
    </ClInclude>
    <ClInclude Include="QsLog\QsLogLevel.h">
      <Filter>Header Files\QsLog</Filter>
    </ClInclude>
    <ClInclude Include="QsLog\QsLogDestFile.h">
      <Filter>Header Files\QsLog</Filter>
    </ClInclude>
    <ClInclude Include="QsLog\QsLogDisableForThisFile.h">
      <Filter>Header Files\QsLog</Filter>
    </ClInclude>
  </ItemGroup>
  <ItemGroup>
    <QtMoc Include="occview.h">
      <Filter>OCCView</Filter>
    </QtMoc>
    <QtMoc Include="button_flat.h">
      <Filter>Header Files</Filter>
    </QtMoc>
    <QtMoc Include="mainwindow.h">
      <Filter>Header Files</Filter>
    </QtMoc>
    <QtMoc Include="QsLog\QsLogDestFunctor.h">
      <Filter>Header Files\QsLog</Filter>
    </QtMoc>
  </ItemGroup>
  <ItemGroup>
    <None Include="images\qss\StyleSheet.qss">
      <Filter>Resource Files</Filter>
    </None>
  </ItemGroup>
</Project>